
Microsoft Visual Studio Solution File, Format Version 12.00
# Visual Studio Version 17
VisualStudioVersion = 17.10.35201.131
MinimumVisualStudioVersion = 10.0.40219.1
Project("{FAE04EC0-301F-11D3-BF4B-00C04F79EFBC}") = "Paste_RemoveCrLF", "Paste_RemoveCrLF.csproj", "{F3A9A321-F463-4A6D-8E06-BC505880BCF8}"
EndProject
Global
	GlobalSection(SolutionConfigurationPlatforms) = preSolution
		Debug|Any CPU = Debug|Any CPU
		Release|Any CPU = Release|Any CPU
	EndGlobalSection
	GlobalSection(ProjectConfigurationPlatforms) = postSolution
		{F3A9A321-F463-4A6D-8E06-BC505880BCF8}.Debug|Any CPU.ActiveCfg = Debug|Any CPU
		{F3A9A321-F463-4A6D-8E06-BC505880BCF8}.Debug|Any CPU.Build.0 = Debug|Any CPU
		{F3A9A321-F463-4A6D-8E06-BC505880BCF8}.Release|Any CPU.ActiveCfg = Release|Any CPU
		{F3A9A321-F463-4A6D-8E06-BC505880BCF8}.Release|Any CPU.Build.0 = Release|Any CPU
	EndGlobalSection
	GlobalSection(SolutionProperties) = preSolution
		HideSolutionNode = FALSE
	EndGlobalSection
	GlobalSection(ExtensibilityGlobals) = postSolution
		SolutionGuid = {6F12D8E9-F669-486A-BE79-55597D508737}
	EndGlobalSection
EndGlobal
